<?xml version="1.0" encoding="utf-8"?>
<Project ToolsVersion="4.0" xmlns="http://schemas.microsoft.com/developer/msbuild/2003">
  <ItemGroup>
    <Filter Include="Source Files">
      <UniqueIdentifier>{4FC737F1-C7A5-4376-A066-2A32D752A2FF}</UniqueIdentifier>
      <Extensions>cpp;c;cc;cxx;def;odl;idl;hpj;bat;asm;asmx</Extensions>
    </Filter>
    <Filter Include="Header Files">
      <UniqueIdentifier>{93995380-89BD-4b04-88EB-625FBE52EBFB}</UniqueIdentifier>
      <Extensions>h;hh;hpp;hxx;hm;inl;inc;xsd</Extensions>
    </Filter>
    <Filter Include="Resource Files">
      <UniqueIdentifier>{67DA6AB6-F800-4c08-8B7A-83BB121AAD01}</UniqueIdentifier>
      <Extensions>qrc;rc;ico;cur;bmp;dlg;rc2;rct;bin;rgs;gif;jpg;jpeg;jpe;resx;tiff;tif;png;wav;mfcribbon-ms</Extensions>
    </Filter>
    <Filter Include="Form Files">
      <UniqueIdentifier>{99349809-55BA-4b9d-BF79-8FDBB0286EB3}</UniqueIdentifier>
      <Extensions>ui</Extensions>
    </Filter>
    <Filter Include="Translation Files">
      <UniqueIdentifier>{639EADAA-A684-42e4-A9AD-28FC9BCB8F7C}</UniqueIdentifier>
      <Extensions>ts</Extensions>
    </Filter>
  </ItemGroup>
  <ItemGroup>
    <QtRcc Include="QCTrader.qrc">
      <Filter>Resource Files</Filter>
    </QtRcc>
    <QtUic Include="QCTrader.ui">
      <Filter>Form Files</Filter>
    </QtUic>
    <QtMoc Include="QCTrader.h">
      <Filter>Header Files</Filter>
    </QtMoc>
    <ClCompile Include="QCTrader.cpp">
      <Filter>Source Files</Filter>
    </ClCompile>
  </ItemGroup>
  <ItemGroup>
    <ClCompile Include="main.cpp">
      <Filter>Source Files</Filter>
    </ClCompile>
    <ClCompile Include="event_engine\eventengine.cpp">
      <Filter>Source Files</Filter>
    </ClCompile>
    <ClCompile Include="main_engine\mainengine.cpp">
      <Filter>Source Files</Filter>
    </ClCompile>
    <ClCompile Include="gateway\ctp_gateway\ctpgateway.cpp">
      <Filter>Source Files</Filter>
    </ClCompile>
    <ClCompile Include="gateway\ctp_gateway\ctptd.cpp">
      <Filter>Source Files</Filter>
    </ClCompile>
    <ClCompile Include="gateway\ctp_gateway\ctpmd.cpp">
      <Filter>Source Files</Filter>
    </ClCompile>
    <ClCompile Include="gateway\qcgateway.hpp">
      <Filter>Source Files</Filter>
    </ClCompile>
    <ClCompile Include="cta_strategy\ctamangager.cpp">
      <Filter>Source Files</Filter>
    </ClCompile>
    <ClCompile Include="cta_strategy\StrategyTemplate.cpp">
      <Filter>Source Files</Filter>
    </ClCompile>
    <ClCompile Include="gateway\gatewaymanager.cpp">
      <Filter>Source Files</Filter>
    </ClCompile>
    <ClCompile Include="risk_manager\riskmanager.cpp">
      <Filter>Source Files</Filter>
    </ClCompile>
    <ClCompile Include="jstradergui.cpp">
      <Filter>Source Files</Filter>
    </ClCompile>
    <ClCompile Include="portfolio.cpp">
      <Filter>Source Files</Filter>
    </ClCompile>
    <ClCompile Include="ReadOnlyDelegate.cpp">
      <Filter>Source Files</Filter>
    </ClCompile>
    <ClCompile Include="SpinBoxDelegate.cpp">
      <Filter>Source Files</Filter>
    </ClCompile>
    <ClCompile Include="ClickTableView.cpp">
      <Filter>Source Files</Filter>
    </ClCompile>
  </ItemGroup>
  <ItemGroup>
    <ClInclude Include="event_engine\eventengine.h">
      <Filter>Header Files</Filter>
    </ClInclude>
    <ClInclude Include="main_engine\mainengine.h">
      <Filter>Header Files</Filter>
    </ClInclude>
    <ClInclude Include="gateway\ctp_gateway\ctpgateway.h">
      <Filter>Header Files</Filter>
    </ClInclude>
    <ClInclude Include="gateway\ctp_gateway\ctptd.h">
      <Filter>Header Files</Filter>
    </ClInclude>
    <ClInclude Include="gateway\ctp_gateway\ctpmd.h">
      <Filter>Header Files</Filter>
    </ClInclude>
    <ClInclude Include="qcstructs.h">
      <Filter>Header Files</Filter>
    </ClInclude>
    <ClInclude Include="cta_strategy\ctamanager.h">
      <Filter>Header Files</Filter>
    </ClInclude>
    <ClInclude Include="cta_strategy\StrategyTemplate.h">
      <Filter>Header Files</Filter>
    </ClInclude>
    <ClInclude Include="gateway\gatewaymanager.h">
      <Filter>Header Files</Filter>
    </ClInclude>
    <ClInclude Include="risk_manager\riskmanager.h">
      <Filter>Header Files</Filter>
    </ClInclude>
    <ClInclude Include="portfolio.h">
      <Filter>Header Files</Filter>
    </ClInclude>
  </ItemGroup>
  <ItemGroup>
    <QtMoc Include="jstradergui.h">
      <Filter>Header Files</Filter>
    </QtMoc>
    <QtMoc Include="ReadOnlyDelegate.h">
      <Filter>Header Files</Filter>
    </QtMoc>
    <QtMoc Include="SpinBoxDelegate.h">
      <Filter>Header Files</Filter>
    </QtMoc>
    <QtMoc Include="ClickTableView.h">
      <Filter>Header Files</Filter>
    </QtMoc>
  </ItemGroup>
</Project>